{
  "name": "ultrasound",
  "version": "0.2.0",
  "lockfileVersion": 1,
  "requires": true,
  "dependencies": {
    "asn1": {
      "version": "0.2.4",
      "resolved": "https://registry.npmjs.org/asn1/-/asn1-0.2.4.tgz",
      "integrity": "sha512-jxwzQpLQjSmWXgwaCZE9Nz+glAG01yF1QnWgbhGwHI5A6FRIEY6IVqtHhIepHqI7/kyEyQEagBC5mBEFlIYvdg==",
      "requires": {
        "safer-buffer": "~2.1.0"
      }
    },
    "bcrypt-pbkdf": {
      "version": "1.0.2",
      "resolved": "https://registry.npmjs.org/bcrypt-pbkdf/-/bcrypt-pbkdf-1.0.2.tgz",
      "integrity": "sha1-pDAdOJtqQ/m2f/PKEaP2Y342Dp4=",
      "requires": {
        "tweetnacl": "^0.14.3"
      }
    },
    "commander": {
      "version": "4.0.1",
      "resolved": "https://registry.npmjs.org/commander/-/commander-4.0.1.tgz",
      "integrity": "sha512-IPF4ouhCP+qdlcmCedhxX4xiGBPyigb8v5NeUp+0LyhwLgxMqyp3S0vl7TAPfS/hiP7FC3caI/PB9lTmP8r1NA=="
    },
    "core-js": {
      "version": "3.6.1",
      "resolved": "https://registry.npmjs.org/core-js/-/core-js-3.6.1.tgz",
      "integrity": "sha512-186WjSik2iTGfDjfdCZAxv2ormxtKgemjC3SI6PL31qOA0j5LhTDVjHChccoc7brwLvpvLPiMyRlcO88C4l1QQ=="
    },
    "duplex-passthrough": {
      "version": "1.0.2",
      "resolved": "https://registry.npmjs.org/duplex-passthrough/-/duplex-passthrough-1.0.2.tgz",
      "integrity": "sha1-z8Y0K4SiK2Gu7tQrNGBXr24Lz8E="
    },
    "duplexer": {
      "version": "0.1.1",
      "resolved": "https://registry.npmjs.org/duplexer/-/duplexer-0.1.1.tgz",
      "integrity": "sha1-rOb/gIwc5mtX0ev5eXessCM0z8E="
    },
    "jsonparse": {
      "version": "1.3.1",
      "resolved": "https://registry.npmjs.org/jsonparse/-/jsonparse-1.3.1.tgz",
      "integrity": "sha1-P02uSpH6wxX3EGL4UhzCOfE2YoA="
    },
    "jsxapi": {
      "version": "5.0.1",
      "resolved": "https://registry.npmjs.org/jsxapi/-/jsxapi-5.0.1.tgz",
      "integrity": "sha512-J828s4/FxYoFiHUAImDmVTbn0Rrsh/dhuxT8HiwDXdI9ZMPAkhW7ZYAa5Nd359LfgMkI+MebdDAK/TbN63Su6w==",
      "requires": {
        "commander": "^4.0.1",
        "core-js": "^3.4.8",
        "duplex-passthrough": "^1.0.2",
        "duplexer": "^0.1.1",
        "jsonparse": "^1.3.1",
        "loglevel": "^1.6.6",
        "ssh2": "^0.8.7",
        "url-parse": "^1.4.4",
        "ws": "^7.2.0",
        "xml-escape": "^1.1.0"
      }
    },
    "loglevel": {
      "version": "1.6.6",
      "resolved": "https://registry.npmjs.org/loglevel/-/loglevel-1.6.6.tgz",
      "integrity": "sha512-Sgr5lbboAUBo3eXCSPL4/KoVz3ROKquOjcctxmHIt+vol2DrqTQe3SwkKKuYhEiWB5kYa13YyopJ69deJ1irzQ=="
    },
    "querystringify": {
      "version": "2.1.1",
      "resolved": "https://registry.npmjs.org/querystringify/-/querystringify-2.1.1.tgz",
      "integrity": "sha512-w7fLxIRCRT7U8Qu53jQnJyPkYZIaR4n5151KMfcJlO/A9397Wxb1amJvROTK6TOnp7PfoAmg/qXiNHI+08jRfA=="
    },
    "requires-port": {
      "version": "1.0.0",
      "resolved": "https://registry.npmjs.org/requires-port/-/requires-port-1.0.0.tgz",
      "integrity": "sha1-kl0mAdOaxIXgkc8NpcbmlNw9yv8="
    },
    "safer-buffer": {
      "version": "2.1.2",
      "resolved": "https://registry.npmjs.org/safer-buffer/-/safer-buffer-2.1.2.tgz",
      "integrity": "sha512-YZo3K82SD7Riyi0E1EQPojLz7kpepnSQI9IyPbHHg1XXXevb5dJI7tpyN2ADxGcQbHG7vcyRHk0cbwqcQriUtg=="
    },
    "ssh2": {
      "version": "0.8.7",
      "resolved": "https://registry.npmjs.org/ssh2/-/ssh2-0.8.7.tgz",
      "integrity": "sha512-/u1BO12kb0lDVxJXejWB9pxyF3/ncgRqI9vPCZuPzo05pdNDzqUeQRavScwSPsfMGK+5H/VRqp1IierIx0Bcxw==",
      "requires": {
        "ssh2-streams": "~0.4.8"
      }
    },
    "ssh2-streams": {
      "version": "0.4.8",
      "resolved": "https://registry.npmjs.org/ssh2-streams/-/ssh2-streams-0.4.8.tgz",
      "integrity": "sha512-auxXfgYySz2vYw7TMU7PK7vFI7EPvhvTH8/tZPgGaWocK4p/vwCMiV3icz9AEkb0R40kOKZtFtqYIxDJyJiytw==",
      "requires": {
        "asn1": "~0.2.0",
        "bcrypt-pbkdf": "^1.0.2",
        "streamsearch": "~0.1.2"
      }
    },
    "streamsearch": {
      "version": "0.1.2",
      "resolved": "https://registry.npmjs.org/streamsearch/-/streamsearch-0.1.2.tgz",
      "integrity": "sha1-gIudDlb8Jz2Am6VzOOkpkZoanxo="
    },
    "tweetnacl": {
      "version": "0.14.5",
      "resolved": "https://registry.npmjs.org/tweetnacl/-/tweetnacl-0.14.5.tgz",
      "integrity": "sha1-WuaBd/GS1EViadEIr6k/+HQ/T2Q="
    },
    "url-parse": {
      "version": "1.4.7",
      "resolved": "https://registry.npmjs.org/url-parse/-/url-parse-1.4.7.tgz",
      "integrity": "sha512-d3uaVyzDB9tQoSXFvuSUNFibTd9zxd2bkVrDRvF5TmvWWQwqE4lgYJ5m+x1DbecWkw+LK4RNl2CU1hHuOKPVlg==",
      "requires": {
        "querystringify": "^2.1.1",
        "requires-port": "^1.0.0"
      }
    },
    "ws": {
      "version": "7.2.1",
      "resolved": "https://registry.npmjs.org/ws/-/ws-7.2.1.tgz",
      "integrity": "sha512-sucePNSafamSKoOqoNfBd8V0StlkzJKL2ZAhGQinCfNQ+oacw+Pk7lcdAElecBF2VkLNZRiIb5Oi1Q5lVUVt2A=="
    },
    "xml-escape": {
      "version": "1.1.0",
      "resolved": "https://registry.npmjs.org/xml-escape/-/xml-escape-1.1.0.tgz",
      "integrity": "sha1-OQTBQ/qOs6ADDsZG0pAqLxtwbEQ="
    }
  }
}
